
Microsoft Visual Studio Solution File, Format Version 12.00
# Visual Studio Version 16
VisualStudioVersion = 16.0.29709.97
MinimumVisualStudioVersion = 10.0.40219.1
Project("{FAE04EC0-301F-11D3-BF4B-00C04F79EFBC}") = "OCB.Dapper.Querys.LinQ.Extencions", "OCB.Dapper.Querys.LinQ.Extencions.csproj", "{D7FDA996-F9FF-47EA-869E-981BC0CB61E7}"
EndProject
Global
	GlobalSection(SolutionConfigurationPlatforms) = preSolution
		Debug|Any CPU = Debug|Any CPU
		Release|Any CPU = Release|Any CPU
	EndGlobalSection
	GlobalSection(ProjectConfigurationPlatforms) = postSolution
		{D7FDA996-F9FF-47EA-869E-981BC0CB61E7}.Debug|Any CPU.ActiveCfg = Debug|Any CPU
		{D7FDA996-F9FF-47EA-869E-981BC0CB61E7}.Debug|Any CPU.Build.0 = Debug|Any CPU
		{D7FDA996-F9FF-47EA-869E-981BC0CB61E7}.Release|Any CPU.ActiveCfg = Release|Any CPU
		{D7FDA996-F9FF-47EA-869E-981BC0CB61E7}.Release|Any CPU.Build.0 = Release|Any CPU
	EndGlobalSection
	GlobalSection(SolutionProperties) = preSolution
		HideSolutionNode = FALSE
	EndGlobalSection
	GlobalSection(ExtensibilityGlobals) = postSolution
		SolutionGuid = {AE935572-5D3D-4F93-B228-D2E4F672E735}
	EndGlobalSection
EndGlobal
